
Microsoft Visual Studio Solution File, Format Version 12.00
# Visual Studio Version 17
VisualStudioVersion = 17.3.32825.248
MinimumVisualStudioVersion = 10.0.40219.1
Project("{FAE04EC0-301F-11D3-BF4B-00C04F79EFBC}") = "AireTour", "AireTour.csproj", "{AADA9EFC-F56A-4BCB-AA5D-2BF06293171E}"
EndProject
Global
	GlobalSection(SolutionConfigurationPlatforms) = preSolution
		Debug|Any CPU = Debug|Any CPU
		Release|Any CPU = Release|Any CPU
	EndGlobalSection
	GlobalSection(ProjectConfigurationPlatforms) = postSolution
		{AADA9EFC-F56A-4BCB-AA5D-2BF06293171E}.Debug|Any CPU.ActiveCfg = Debug|Any CPU
		{AADA9EFC-F56A-4BCB-AA5D-2BF06293171E}.Debug|Any CPU.Build.0 = Debug|Any CPU
		{AADA9EFC-F56A-4BCB-AA5D-2BF06293171E}.Release|Any CPU.ActiveCfg = Release|Any CPU
		{AADA9EFC-F56A-4BCB-AA5D-2BF06293171E}.Release|Any CPU.Build.0 = Release|Any CPU
	EndGlobalSection
	GlobalSection(SolutionProperties) = preSolution
		HideSolutionNode = FALSE
	EndGlobalSection
	GlobalSection(ExtensibilityGlobals) = postSolution
		SolutionGuid = {790A02E1-3C7A-42D2-AEBE-47EF712E4AC2}
	EndGlobalSection
EndGlobal
